{
  "name": "lumison",
  "lockfileVersion": 3,
  "requires": true,
  "packages": {
    "": {
      "name": "lumison",
      "dependencies": {
        "midifile-ts": "1.5.2",
        "three": "0.185.1"
      }
    },
    "node_modules/midifile-ts": {
      "version": "1.5.2",
      "resolved": "https://registry.npmjs.org/midifile-ts/-/midifile-ts-1.5.2.tgz",
      "integrity": "sha512-5uiYIpTOBfrhudNt13wf7YsEIuvEbgkwAf7u4atibc3bITVZdSRc7uz3wN8/1igFmHZvtq29oRRaZJ3Z8CCApQ=="
    },
    "node_modules/three": {
      "version": "0.185.1",
      "resolved": "https://registry.npmjs.org/three/-/three-0.185.1.tgz",
      "integrity": "sha512-5aojFCXKwnjBRZvUnt3WFfEcvUJgkN5LlijRFN95hMy8WVkG4I0QNcJE+OuWvuJ0bOdStrbfXn0pkd6/QyiAlg=="
    }
  }
}
