{
  "name": "lumison",
  "lockfileVersion": 3,
  "requires": true,
  "packages": {
    "": {
      "name": "lumison",
      "dependencies": {
        "@audio/loudness-lufs": "1.1.0",
        "@audio/loudness-truepeak": "1.1.4",
        "midifile-ts": "1.5.2",
        "spessasynth_lib": "4.3.14",
        "three": "0.185.1"
      }
    },
    "node_modules/@audio/biquad": {
      "version": "1.2.1",
      "resolved": "https://registry.npmjs.org/@audio/biquad/-/biquad-1.2.1.tgz",
      "integrity": "sha512-VgTZPE/dcp379GhwFSvko/+OBDmZyTw+aPB7hPjblDWRWWEWda38eATObEzRJvHYGlICe/kohgTRxRCxNUB2CQ==",
      "engines": {
        "node": ">=18"
      },
      "funding": {
        "url": "https://github.com/sponsors/audiojs"
      }
    },
    "node_modules/@audio/loudness-lufs": {
      "version": "1.1.0",
      "resolved": "https://registry.npmjs.org/@audio/loudness-lufs/-/loudness-lufs-1.1.0.tgz",
      "integrity": "sha512-cWy+G6UL1jZNh0qSgQTsxztwPGRrMLy0xq7rOZ4qSzjOvrfS7xzfCTeSQVhMUUHd/KnA6ys3lY6JBpI5mEOrcw==",
      "dependencies": {
        "@audio/biquad": "^1.2.0",
        "@audio/weighting-k": "^1.0.0"
      },
      "engines": {
        "node": ">=18"
      },
      "funding": {
        "url": "https://github.com/sponsors/audiojs"
      }
    },
    "node_modules/@audio/loudness-truepeak": {
      "version": "1.1.4",
      "resolved": "https://registry.npmjs.org/@audio/loudness-truepeak/-/loudness-truepeak-1.1.4.tgz",
      "integrity": "sha512-vK47H04Qt46JMEfPgeRLtTG4+chxoO17zni7FGB/LWuavs5eglPvFJGzvb+iOnGrZ9/Jq+DbZahL9Ijaii6FrA==",
      "dependencies": {
        "@audio/resample-sinc": "^1.0.0"
      },
      "engines": {
        "node": ">=18"
      },
      "funding": {
        "url": "https://github.com/sponsors/audiojs"
      }
    },
    "node_modules/@audio/resample-sinc": {
      "version": "1.1.2",
      "resolved": "https://registry.npmjs.org/@audio/resample-sinc/-/resample-sinc-1.1.2.tgz",
      "integrity": "sha512-AkV5082Bu8posQPmRFHAEYs7CJT9bH9IxtVzNozgN+7x7QY+1gl50GufqYn986aeMS5ewJvhdZx+DBTHrn8iow==",
      "engines": {
        "node": ">=18"
      },
      "funding": {
        "url": "https://github.com/sponsors/audiojs"
      }
    },
    "node_modules/@audio/weighting-k": {
      "version": "1.1.2",
      "resolved": "https://registry.npmjs.org/@audio/weighting-k/-/weighting-k-1.1.2.tgz",
      "integrity": "sha512-0XtiwcQzplDmgsZvYuAcRcDm5qbXufYjauEWHxo00DSeW9k1JGQIb+qt3vfClN+miBwRdvpWYBFLbOmUZD8tow==",
      "dependencies": {
        "@audio/biquad": "^1.1.0"
      },
      "engines": {
        "node": ">=18"
      },
      "funding": {
        "url": "https://github.com/sponsors/audiojs"
      }
    },
    "node_modules/midifile-ts": {
      "version": "1.5.2",
      "resolved": "https://registry.npmjs.org/midifile-ts/-/midifile-ts-1.5.2.tgz",
      "integrity": "sha512-5uiYIpTOBfrhudNt13wf7YsEIuvEbgkwAf7u4atibc3bITVZdSRc7uz3wN8/1igFmHZvtq29oRRaZJ3Z8CCApQ=="
    },
    "node_modules/spessasynth_core": {
      "version": "4.3.22",
      "resolved": "https://registry.npmjs.org/spessasynth_core/-/spessasynth_core-4.3.22.tgz",
      "integrity": "sha512-qP6NkcZLmTLIs9fCUh2IhZRkd3Junwu8ppD4K0l/0R+Lo4P48d4Rbe8YQ8RlEYyRKFz8HcPM75sXYVQLAb7k4A==",
      "dependencies": {
        "stb-vorbis": "latest"
      }
    },
    "node_modules/spessasynth_lib": {
      "version": "4.3.14",
      "resolved": "https://registry.npmjs.org/spessasynth_lib/-/spessasynth_lib-4.3.14.tgz",
      "integrity": "sha512-M3In44Erc0OPlbLwOrPoqnMiva0nbh7LCbGfNTi21JV+NMN/B4sun2d8HR17J/dSGp+PEQnJ0ZkujnWEHWfi4Q==",
      "dependencies": {
        "spessasynth_core": "latest"
      }
    },
    "node_modules/stb-vorbis": {
      "version": "0.0.6",
      "resolved": "https://registry.npmjs.org/stb-vorbis/-/stb-vorbis-0.0.6.tgz",
      "integrity": "sha512-CyvjJEGROIdnuZknwFvdOfMIO1ssUxO2OawsXCR3IlbJ8z2IMBjDe8FDxFJqBfLgf1ZOdqvoHAYx3Xk8q9rbbg=="
    },
    "node_modules/three": {
      "version": "0.185.1",
      "resolved": "https://registry.npmjs.org/three/-/three-0.185.1.tgz",
      "integrity": "sha512-5aojFCXKwnjBRZvUnt3WFfEcvUJgkN5LlijRFN95hMy8WVkG4I0QNcJE+OuWvuJ0bOdStrbfXn0pkd6/QyiAlg=="
    }
  }
}
